// !$*UTF8*$!
{
	archiveVersion = 1;
	classes = {
	};
	objectVersion = 56;
	objects = {

/* Begin PBXBuildFile section */
		947C0EFD2CD50399007DF580 /* Assets.xcassets in Resources */ = {isa = PBXBuildFile; fileRef = 947C0EF42CD50399007DF580 /* Assets.xcassets */; };
		947C0EFE2CD50399007DF580 /* LaunchScreen.storyboard in Resources */ = {isa = PBXBuildFile; fileRef = 947C0EF72CD50399007DF580 /* LaunchScreen.storyboard */; };
		947C0F002CD50399007DF580 /* AppDelegate.swift in Sources */ = {isa = PBXBuildFile; fileRef = 947C0EF12CD50399007DF580 /* AppDelegate.swift */; };
		947C0F012CD50399007DF580 /* SceneDelegate.swift in Sources */ = {isa = PBXBuildFile; fileRef = 947C0EF22CD50399007DF580 /* SceneDelegate.swift */; };
		947C0F022CD50399007DF580 /* Constants.swift in Sources */ = {isa = PBXBuildFile; fileRef = 947C0EF52CD50399007DF580 /* Constants.swift */; };
		947C0F032CD50399007DF580 /* MainView.swift in Sources */ = {isa = PBXBuildFile; fileRef = 947C0EF92CD50399007DF580 /* MainView.swift */; };
		947C0F062CD505B8007DF580 /* ResponseModel.swift in Sources */ = {isa = PBXBuildFile; fileRef = 947C0F052CD505B1007DF580 /* ResponseModel.swift */; };
		947C0F092CD50ECF007DF580 /* CollectionCell.swift in Sources */ = {isa = PBXBuildFile; fileRef = 947C0F082CD50ECB007DF580 /* CollectionCell.swift */; };
		947C0F0B2CD50ED6007DF580 /* CellModel.swift in Sources */ = {isa = PBXBuildFile; fileRef = 947C0F0A2CD50ED2007DF580 /* CellModel.swift */; };
		947C0F0D2CD51AA3007DF580 /* Presenter.swift in Sources */ = {isa = PBXBuildFile; fileRef = 947C0F0C2CD51A9E007DF580 /* Presenter.swift */; };
		947C0F0F2CD520FE007DF580 /* Assembler.swift in Sources */ = {isa = PBXBuildFile; fileRef = 947C0F0E2CD520FB007DF580 /* Assembler.swift */; };
		947C0F112CD5FCC4007DF580 /* ErrorModel.swift in Sources */ = {isa = PBXBuildFile; fileRef = 947C0F102CD5FCBE007DF580 /* ErrorModel.swift */; };
		947C0F132CD5FD4A007DF580 /* ErrorView.swift in Sources */ = {isa = PBXBuildFile; fileRef = 947C0F122CD5FD3E007DF580 /* ErrorView.swift */; };
		947C0F152CD5FD78007DF580 /* LoadingView.swift in Sources */ = {isa = PBXBuildFile; fileRef = 947C0F142CD5FD73007DF580 /* LoadingView.swift */; };
		947C0F182CD60276007DF580 /* DetailView.swift in Sources */ = {isa = PBXBuildFile; fileRef = 947C0F172CD60272007DF580 /* DetailView.swift */; };
		947C0F1D2CD60380007DF580 /* DetailCollectionCell.swift in Sources */ = {isa = PBXBuildFile; fileRef = 947C0F1C2CD6037D007DF580 /* DetailCollectionCell.swift */; };
		AA5CE26E3AAFCBD6C17F6E66 /* Pods_CosmoPictures.framework in Frameworks */ = {isa = PBXBuildFile; fileRef = BBB1C985A64DAEF8749FCD52 /* Pods_CosmoPictures.framework */; };
/* End PBXBuildFile section */

/* Begin PBXFileReference section */
		4CEE864D54184E926D868BC7 /* Pods-CosmoPictures.debug.xcconfig */ = {isa = PBXFileReference; includeInIndex = 1; lastKnownFileType = text.xcconfig; name = "Pods-CosmoPictures.debug.xcconfig"; path = "Target Support Files/Pods-CosmoPictures/Pods-CosmoPictures.debug.xcconfig"; sourceTree = "<group>"; };
		924292A2AA02B8A89FCCD7AB /* Pods-CosmoPictures.release.xcconfig */ = {isa = PBXFileReference; includeInIndex = 1; lastKnownFileType = text.xcconfig; name = "Pods-CosmoPictures.release.xcconfig"; path = "Target Support Files/Pods-CosmoPictures/Pods-CosmoPictures.release.xcconfig"; sourceTree = "<group>"; };
		947C0EF12CD50399007DF580 /* AppDelegate.swift */ = {isa = PBXFileReference; lastKnownFileType = sourcecode.swift; path = AppDelegate.swift; sourceTree = "<group>"; };
		947C0EF22CD50399007DF580 /* SceneDelegate.swift */ = {isa = PBXFileReference; lastKnownFileType = sourcecode.swift; path = SceneDelegate.swift; sourceTree = "<group>"; };
		947C0EF42CD50399007DF580 /* Assets.xcassets */ = {isa = PBXFileReference; lastKnownFileType = folder.assetcatalog; path = Assets.xcassets; sourceTree = "<group>"; };
		947C0EF52CD50399007DF580 /* Constants.swift */ = {isa = PBXFileReference; lastKnownFileType = sourcecode.swift; path = Constants.swift; sourceTree = "<group>"; };
		947C0EF62CD50399007DF580 /* Base */ = {isa = PBXFileReference; lastKnownFileType = file.storyboard; name = Base; path = Base.lproj/LaunchScreen.storyboard; sourceTree = "<group>"; };
		947C0EF92CD50399007DF580 /* MainView.swift */ = {isa = PBXFileReference; lastKnownFileType = sourcecode.swift; path = MainView.swift; sourceTree = "<group>"; };
		947C0EFB2CD50399007DF580 /* Info.plist */ = {isa = PBXFileReference; lastKnownFileType = text.plist.xml; path = Info.plist; sourceTree = "<group>"; };
		947C0F052CD505B1007DF580 /* ResponseModel.swift */ = {isa = PBXFileReference; lastKnownFileType = sourcecode.swift; path = ResponseModel.swift; sourceTree = "<group>"; };
		947C0F082CD50ECB007DF580 /* CollectionCell.swift */ = {isa = PBXFileReference; lastKnownFileType = sourcecode.swift; path = CollectionCell.swift; sourceTree = "<group>"; };
		947C0F0A2CD50ED2007DF580 /* CellModel.swift */ = {isa = PBXFileReference; lastKnownFileType = sourcecode.swift; path = CellModel.swift; sourceTree = "<group>"; };
		947C0F0C2CD51A9E007DF580 /* Presenter.swift */ = {isa = PBXFileReference; lastKnownFileType = sourcecode.swift; path = Presenter.swift; sourceTree = "<group>"; };
		947C0F0E2CD520FB007DF580 /* Assembler.swift */ = {isa = PBXFileReference; lastKnownFileType = sourcecode.swift; path = Assembler.swift; sourceTree = "<group>"; };
		947C0F102CD5FCBE007DF580 /* ErrorModel.swift */ = {isa = PBXFileReference; lastKnownFileType = sourcecode.swift; path = ErrorModel.swift; sourceTree = "<group>"; };
		947C0F122CD5FD3E007DF580 /* ErrorView.swift */ = {isa = PBXFileReference; lastKnownFileType = sourcecode.swift; path = ErrorView.swift; sourceTree = "<group>"; };
		947C0F142CD5FD73007DF580 /* LoadingView.swift */ = {isa = PBXFileReference; lastKnownFileType = sourcecode.swift; path = LoadingView.swift; sourceTree = "<group>"; };
		947C0F172CD60272007DF580 /* DetailView.swift */ = {isa = PBXFileReference; lastKnownFileType = sourcecode.swift; path = DetailView.swift; sourceTree = "<group>"; };
		947C0F1C2CD6037D007DF580 /* DetailCollectionCell.swift */ = {isa = PBXFileReference; lastKnownFileType = sourcecode.swift; path = DetailCollectionCell.swift; sourceTree = "<group>"; };
		94F12C7D2CD4F52800617F06 /* CosmoPictures.app */ = {isa = PBXFileReference; explicitFileType = wrapper.application; includeInIndex = 0; path = CosmoPictures.app; sourceTree = BUILT_PRODUCTS_DIR; };
		BBB1C985A64DAEF8749FCD52 /* Pods_CosmoPictures.framework */ = {isa = PBXFileReference; explicitFileType = wrapper.framework; includeInIndex = 0; path = Pods_CosmoPictures.framework; sourceTree = BUILT_PRODUCTS_DIR; };
/* End PBXFileReference section */

/* Begin PBXFrameworksBuildPhase section */
		94F12C7A2CD4F52800617F06 /* Frameworks */ = {
			isa = PBXFrameworksBuildPhase;
			buildActionMask = 2147483647;
			files = (
				AA5CE26E3AAFCBD6C17F6E66 /* Pods_CosmoPictures.framework in Frameworks */,
			);
			runOnlyForDeploymentPostprocessing = 0;
		};
/* End PBXFrameworksBuildPhase section */

/* Begin PBXGroup section */
		947C0EF32CD50399007DF580 /* AppManagement */ = {
			isa = PBXGroup;
			children = (
				947C0EF12CD50399007DF580 /* AppDelegate.swift */,
				947C0EF22CD50399007DF580 /* SceneDelegate.swift */,
			);
			path = AppManagement;
			sourceTree = "<group>";
		};
		947C0EF82CD50399007DF580 /* Resources */ = {
			isa = PBXGroup;
			children = (
				947C0F162CD6021A007DF580 /* CommonViews */,
				947C0EF52CD50399007DF580 /* Constants.swift */,
				947C0EF42CD50399007DF580 /* Assets.xcassets */,
				947C0EF72CD50399007DF580 /* LaunchScreen.storyboard */,
			);
			path = Resources;
			sourceTree = "<group>";
		};
		947C0EFA2CD50399007DF580 /* Scenes */ = {
			isa = PBXGroup;
			children = (
				947C0F192CD6035A007DF580 /* MainView */,
				947C0F1A2CD6036A007DF580 /* DetailView */,
				947C0F0C2CD51A9E007DF580 /* Presenter.swift */,
				947C0F0E2CD520FB007DF580 /* Assembler.swift */,
			);
			path = Scenes;
			sourceTree = "<group>";
		};
		947C0EFC2CD50399007DF580 /* CosmoPictures */ = {
			isa = PBXGroup;
			children = (
				947C0EF32CD50399007DF580 /* AppManagement */,
				947C0F042CD505AA007DF580 /* Models */,
				947C0EFA2CD50399007DF580 /* Scenes */,
				947C0EF82CD50399007DF580 /* Resources */,
				947C0EFB2CD50399007DF580 /* Info.plist */,
			);
			path = CosmoPictures;
			sourceTree = "<group>";
		};
		947C0F042CD505AA007DF580 /* Models */ = {
			isa = PBXGroup;
			children = (
				947C0F102CD5FCBE007DF580 /* ErrorModel.swift */,
				947C0F052CD505B1007DF580 /* ResponseModel.swift */,
				947C0F0A2CD50ED2007DF580 /* CellModel.swift */,
			);
			path = Models;
			sourceTree = "<group>";
		};
		947C0F162CD6021A007DF580 /* CommonViews */ = {
			isa = PBXGroup;
			children = (
				947C0F122CD5FD3E007DF580 /* ErrorView.swift */,
				947C0F142CD5FD73007DF580 /* LoadingView.swift */,
			);
			path = CommonViews;
			sourceTree = "<group>";
		};
		947C0F192CD6035A007DF580 /* MainView */ = {
			isa = PBXGroup;
			children = (
				947C0EF92CD50399007DF580 /* MainView.swift */,
				947C0F082CD50ECB007DF580 /* CollectionCell.swift */,
			);
			path = MainView;
			sourceTree = "<group>";
		};
		947C0F1A2CD6036A007DF580 /* DetailView */ = {
			isa = PBXGroup;
			children = (
				947C0F172CD60272007DF580 /* DetailView.swift */,
				947C0F1C2CD6037D007DF580 /* DetailCollectionCell.swift */,
			);
			path = DetailView;
			sourceTree = "<group>";
		};
		94F12C742CD4F52800617F06 = {
			isa = PBXGroup;
			children = (
				947C0EFC2CD50399007DF580 /* CosmoPictures */,
				94F12C7E2CD4F52800617F06 /* Products */,
				DD74B2DEB0366FE385F27552 /* Pods */,
				E1E43E279527CAE7ED5D39EB /* Frameworks */,
			);
			sourceTree = "<group>";
		};
		94F12C7E2CD4F52800617F06 /* Products */ = {
			isa = PBXGroup;
			children = (
				94F12C7D2CD4F52800617F06 /* CosmoPictures.app */,
			);
			name = Products;
			sourceTree = "<group>";
		};
		DD74B2DEB0366FE385F27552 /* Pods */ = {
			isa = PBXGroup;
			children = (
				4CEE864D54184E926D868BC7 /* Pods-CosmoPictures.debug.xcconfig */,
				924292A2AA02B8A89FCCD7AB /* Pods-CosmoPictures.release.xcconfig */,
			);
			path = Pods;
			sourceTree = "<group>";
		};
		E1E43E279527CAE7ED5D39EB /* Frameworks */ = {
			isa = PBXGroup;
			children = (
				BBB1C985A64DAEF8749FCD52 /* Pods_CosmoPictures.framework */,
			);
			name = Frameworks;
			sourceTree = "<group>";
		};
/* End PBXGroup section */

/* Begin PBXNativeTarget section */
		94F12C7C2CD4F52800617F06 /* CosmoPictures */ = {
			isa = PBXNativeTarget;
			buildConfigurationList = 94F12C902CD4F52B00617F06 /* Build configuration list for PBXNativeTarget "CosmoPictures" */;
			buildPhases = (
				55FF8BB3663FC9C9CD0842C3 /* [CP] Check Pods Manifest.lock */,
				94F12C792CD4F52800617F06 /* Sources */,
				94F12C7A2CD4F52800617F06 /* Frameworks */,
				94F12C7B2CD4F52800617F06 /* Resources */,
				4D18C3D0A19C0631A4377C85 /* [CP] Embed Pods Frameworks */,
			);
			buildRules = (
			);
			dependencies = (
			);
			name = CosmoPictures;
			packageProductDependencies = (
			);
			productName = CosmoPictures;
			productReference = 94F12C7D2CD4F52800617F06 /* CosmoPictures.app */;
			productType = "com.apple.product-type.application";
		};
/* End PBXNativeTarget section */

/* Begin PBXProject section */
		94F12C752CD4F52800617F06 /* Project object */ = {
			isa = PBXProject;
			attributes = {
				BuildIndependentTargetsInParallel = 1;
				LastSwiftUpdateCheck = 1610;
				LastUpgradeCheck = 1610;
				TargetAttributes = {
					94F12C7C2CD4F52800617F06 = {
						CreatedOnToolsVersion = 16.1;
					};
				};
			};
			buildConfigurationList = 94F12C782CD4F52800617F06 /* Build configuration list for PBXProject "CosmoPictures" */;
			compatibilityVersion = "Xcode 14.0";
			developmentRegion = en;
			hasScannedForEncodings = 0;
			knownRegions = (
				en,
				Base,
			);
			mainGroup = 94F12C742CD4F52800617F06;
			packageReferences = (
			);
			productRefGroup = 94F12C7E2CD4F52800617F06 /* Products */;
			projectDirPath = "";
			projectRoot = "";
			targets = (
				94F12C7C2CD4F52800617F06 /* CosmoPictures */,
			);
		};
/* End PBXProject section */

/* Begin PBXResourcesBuildPhase section */
		94F12C7B2CD4F52800617F06 /* Resources */ = {
			isa = PBXResourcesBuildPhase;
			buildActionMask = 2147483647;
			files = (
				947C0EFD2CD50399007DF580 /* Assets.xcassets in Resources */,
				947C0EFE2CD50399007DF580 /* LaunchScreen.storyboard in Resources */,
			);
			runOnlyForDeploymentPostprocessing = 0;
		};
/* End PBXResourcesBuildPhase section */

/* Begin PBXShellScriptBuildPhase section */
		4D18C3D0A19C0631A4377C85 /* [CP] Embed Pods Frameworks */ = {
			isa = PBXShellScriptBuildPhase;
			buildActionMask = 2147483647;
			files = (
			);
			inputFileListPaths = (
				"${PODS_ROOT}/Target Support Files/Pods-CosmoPictures/Pods-CosmoPictures-frameworks-${CONFIGURATION}-input-files.xcfilelist",
			);
			name = "[CP] Embed Pods Frameworks";
			outputFileListPaths = (
				"${PODS_ROOT}/Target Support Files/Pods-CosmoPictures/Pods-CosmoPictures-frameworks-${CONFIGURATION}-output-files.xcfilelist",
			);
			runOnlyForDeploymentPostprocessing = 0;
			shellPath = /bin/sh;
			shellScript = "\"${PODS_ROOT}/Target Support Files/Pods-CosmoPictures/Pods-CosmoPictures-frameworks.sh\"\n";
			showEnvVarsInLog = 0;
		};
		55FF8BB3663FC9C9CD0842C3 /* [CP] Check Pods Manifest.lock */ = {
			isa = PBXShellScriptBuildPhase;
			buildActionMask = 2147483647;
			files = (
			);
			inputFileListPaths = (
			);
			inputPaths = (
				"${PODS_PODFILE_DIR_PATH}/Podfile.lock",
				"${PODS_ROOT}/Manifest.lock",
			);
			name = "[CP] Check Pods Manifest.lock";
			outputFileListPaths = (
			);
			outputPaths = (
				"$(DERIVED_FILE_DIR)/Pods-CosmoPictures-checkManifestLockResult.txt",
			);
			runOnlyForDeploymentPostprocessing = 0;
			shellPath = /bin/sh;
			shellScript = "diff \"${PODS_PODFILE_DIR_PATH}/Podfile.lock\" \"${PODS_ROOT}/Manifest.lock\" > /dev/null\nif [ $? != 0 ] ; then\n    # print error to STDERR\n    echo \"error: The sandbox is not in sync with the Podfile.lock. Run 'pod install' or update your CocoaPods installation.\" >&2\n    exit 1\nfi\n# This output is used by Xcode 'outputs' to avoid re-running this script phase.\necho \"SUCCESS\" > \"${SCRIPT_OUTPUT_FILE_0}\"\n";
			showEnvVarsInLog = 0;
		};
/* End PBXShellScriptBuildPhase section */

/* Begin PBXSourcesBuildPhase section */
		94F12C792CD4F52800617F06 /* Sources */ = {
			isa = PBXSourcesBuildPhase;
			buildActionMask = 2147483647;
			files = (
				947C0F112CD5FCC4007DF580 /* ErrorModel.swift in Sources */,
				947C0F002CD50399007DF580 /* AppDelegate.swift in Sources */,
				947C0F1D2CD60380007DF580 /* DetailCollectionCell.swift in Sources */,
				947C0F012CD50399007DF580 /* SceneDelegate.swift in Sources */,
				947C0F0D2CD51AA3007DF580 /* Presenter.swift in Sources */,
				947C0F022CD50399007DF580 /* Constants.swift in Sources */,
				947C0F152CD5FD78007DF580 /* LoadingView.swift in Sources */,
				947C0F0F2CD520FE007DF580 /* Assembler.swift in Sources */,
				947C0F182CD60276007DF580 /* DetailView.swift in Sources */,
				947C0F062CD505B8007DF580 /* ResponseModel.swift in Sources */,
				947C0F0B2CD50ED6007DF580 /* CellModel.swift in Sources */,
				947C0F032CD50399007DF580 /* MainView.swift in Sources */,
				947C0F092CD50ECF007DF580 /* CollectionCell.swift in Sources */,
				947C0F132CD5FD4A007DF580 /* ErrorView.swift in Sources */,
			);
			runOnlyForDeploymentPostprocessing = 0;
		};
/* End PBXSourcesBuildPhase section */

/* Begin PBXVariantGroup section */
		947C0EF72CD50399007DF580 /* LaunchScreen.storyboard */ = {
			isa = PBXVariantGroup;
			children = (
				947C0EF62CD50399007DF580 /* Base */,
			);
			name = LaunchScreen.storyboard;
			sourceTree = "<group>";
		};
/* End PBXVariantGroup section */

/* Begin XCBuildConfiguration section */
		94F12C912CD4F52B00617F06 /* Debug */ = {
			isa = XCBuildConfiguration;
			baseConfigurationReference = 4CEE864D54184E926D868BC7 /* Pods-CosmoPictures.debug.xcconfig */;
			buildSettings = {
				ASSETCATALOG_COMPILER_APPICON_NAME = AppIcon;
				ASSETCATALOG_COMPILER_GLOBAL_ACCENT_COLOR_NAME = AccentColor;
				CODE_SIGN_STYLE = Automatic;
				CURRENT_PROJECT_VERSION = 1;
				DEVELOPMENT_TEAM = U38SYYH567;
				ENABLE_USER_SCRIPT_SANDBOXING = NO;
				GENERATE_INFOPLIST_FILE = YES;
				INFOPLIST_FILE = CosmoPictures/Info.plist;
				INFOPLIST_KEY_CFBundleDisplayName = "Cosmo Pictures";
				INFOPLIST_KEY_LSApplicationCategoryType = "public.app-category.entertainment";
				INFOPLIST_KEY_UIApplicationSupportsIndirectInputEvents = YES;
				INFOPLIST_KEY_UILaunchStoryboardName = LaunchScreen;
				INFOPLIST_KEY_UISupportedInterfaceOrientations = "UIInterfaceOrientationPortrait UIInterfaceOrientationPortraitUpsideDown";
				IPHONEOS_DEPLOYMENT_TARGET = 18.0;
				LD_RUNPATH_SEARCH_PATHS = (
					"$(inherited)",
					"@executable_path/Frameworks",
				);
				MARKETING_VERSION = 1.0;
				PRODUCT_BUNDLE_IDENTIFIER = com.app.CosmoPictures;
				PRODUCT_NAME = "$(TARGET_NAME)";
				SUPPORTED_PLATFORMS = "iphoneos iphonesimulator";
				SUPPORTS_MACCATALYST = NO;
				SUPPORTS_MAC_DESIGNED_FOR_IPHONE_IPAD = NO;
				SUPPORTS_XR_DESIGNED_FOR_IPHONE_IPAD = NO;
				SWIFT_EMIT_LOC_STRINGS = YES;
				SWIFT_VERSION = 5.0;
				TARGETED_DEVICE_FAMILY = "1,2";
			};
			name = Debug;
		};
		94F12C922CD4F52B00617F06 /* Release */ = {
			isa = XCBuildConfiguration;
			baseConfigurationReference = 924292A2AA02B8A89FCCD7AB /* Pods-CosmoPictures.release.xcconfig */;
			buildSettings = {
				ASSETCATALOG_COMPILER_APPICON_NAME = AppIcon;
				ASSETCATALOG_COMPILER_GLOBAL_ACCENT_COLOR_NAME = AccentColor;
				CODE_SIGN_STYLE = Automatic;
				CURRENT_PROJECT_VERSION = 1;
				DEVELOPMENT_TEAM = U38SYYH567;
				ENABLE_USER_SCRIPT_SANDBOXING = NO;
				GENERATE_INFOPLIST_FILE = YES;
				INFOPLIST_FILE = CosmoPictures/Info.plist;
				INFOPLIST_KEY_CFBundleDisplayName = "Cosmo Pictures";
				INFOPLIST_KEY_LSApplicationCategoryType = "public.app-category.entertainment";
				INFOPLIST_KEY_UIApplicationSupportsIndirectInputEvents = YES;
				INFOPLIST_KEY_UILaunchStoryboardName = LaunchScreen;
				INFOPLIST_KEY_UISupportedInterfaceOrientations = "UIInterfaceOrientationPortrait UIInterfaceOrientationPortraitUpsideDown";
				IPHONEOS_DEPLOYMENT_TARGET = 18.0;
				LD_RUNPATH_SEARCH_PATHS = (
					"$(inherited)",
					"@executable_path/Frameworks",
				);
				MARKETING_VERSION = 1.0;
				PRODUCT_BUNDLE_IDENTIFIER = com.app.CosmoPictures;
				PRODUCT_NAME = "$(TARGET_NAME)";
				SUPPORTED_PLATFORMS = "iphoneos iphonesimulator";
				SUPPORTS_MACCATALYST = NO;
				SUPPORTS_MAC_DESIGNED_FOR_IPHONE_IPAD = NO;
				SUPPORTS_XR_DESIGNED_FOR_IPHONE_IPAD = NO;
				SWIFT_EMIT_LOC_STRINGS = YES;
				SWIFT_VERSION = 5.0;
				TARGETED_DEVICE_FAMILY = "1,2";
			};
			name = Release;
		};
		94F12C932CD4F52B00617F06 /* Debug */ = {
			isa = XCBuildConfiguration;
			buildSettings = {
				ALWAYS_SEARCH_USER_PATHS = NO;
				ASSETCATALOG_COMPILER_GENERATE_SWIFT_ASSET_SYMBOL_EXTENSIONS = YES;
				CLANG_ANALYZER_NONNULL = YES;
				CLANG_ANALYZER_NUMBER_OBJECT_CONVERSION = YES_AGGRESSIVE;
				CLANG_CXX_LANGUAGE_STANDARD = "gnu++20";
				CLANG_ENABLE_MODULES = YES;
				CLANG_ENABLE_OBJC_ARC = YES;
				CLANG_ENABLE_OBJC_WEAK = YES;
				CLANG_WARN_BLOCK_CAPTURE_AUTORELEASING = YES;
				CLANG_WARN_BOOL_CONVERSION = YES;
				CLANG_WARN_COMMA = YES;
				CLANG_WARN_CONSTANT_CONVERSION = YES;
				CLANG_WARN_DEPRECATED_OBJC_IMPLEMENTATIONS = YES;
				CLANG_WARN_DIRECT_OBJC_ISA_USAGE = YES_ERROR;
				CLANG_WARN_DOCUMENTATION_COMMENTS = YES;
				CLANG_WARN_EMPTY_BODY = YES;
				CLANG_WARN_ENUM_CONVERSION = YES;
				CLANG_WARN_INFINITE_RECURSION = YES;
				CLANG_WARN_INT_CONVERSION = YES;
				CLANG_WARN_NON_LITERAL_NULL_CONVERSION = YES;
				CLANG_WARN_OBJC_IMPLICIT_RETAIN_SELF = YES;
				CLANG_WARN_OBJC_LITERAL_CONVERSION = YES;
				CLANG_WARN_OBJC_ROOT_CLASS = YES_ERROR;
				CLANG_WARN_QUOTED_INCLUDE_IN_FRAMEWORK_HEADER = YES;
				CLANG_WARN_RANGE_LOOP_ANALYSIS = YES;
				CLANG_WARN_STRICT_PROTOTYPES = YES;
				CLANG_WARN_SUSPICIOUS_MOVE = YES;
				CLANG_WARN_UNGUARDED_AVAILABILITY = YES_AGGRESSIVE;
				CLANG_WARN_UNREACHABLE_CODE = YES;
				CLANG_WARN__DUPLICATE_METHOD_MATCH = YES;
				COPY_PHASE_STRIP = NO;
				DEBUG_INFORMATION_FORMAT = dwarf;
				ENABLE_STRICT_OBJC_MSGSEND = YES;
				ENABLE_TESTABILITY = YES;
				ENABLE_USER_SCRIPT_SANDBOXING = YES;
				GCC_C_LANGUAGE_STANDARD = gnu17;
				GCC_DYNAMIC_NO_PIC = NO;
				GCC_NO_COMMON_BLOCKS = YES;
				GCC_OPTIMIZATION_LEVEL = 0;
				GCC_PREPROCESSOR_DEFINITIONS = (
					"DEBUG=1",
					"$(inherited)",
				);
				GCC_WARN_64_TO_32_BIT_CONVERSION = YES;
				GCC_WARN_ABOUT_RETURN_TYPE = YES_ERROR;
				GCC_WARN_UNDECLARED_SELECTOR = YES;
				GCC_WARN_UNINITIALIZED_AUTOS = YES_AGGRESSIVE;
				GCC_WARN_UNUSED_FUNCTION = YES;
				GCC_WARN_UNUSED_VARIABLE = YES;
				IPHONEOS_DEPLOYMENT_TARGET = 18.1;
				LOCALIZATION_PREFERS_STRING_CATALOGS = YES;
				MTL_ENABLE_DEBUG_INFO = INCLUDE_SOURCE;
				MTL_FAST_MATH = YES;
				ONLY_ACTIVE_ARCH = YES;
				SDKROOT = iphoneos;
				SWIFT_ACTIVE_COMPILATION_CONDITIONS = "DEBUG $(inherited)";
				SWIFT_OPTIMIZATION_LEVEL = "-Onone";
			};
			name = Debug;
		};
		94F12C942CD4F52B00617F06 /* Release */ = {
			isa = XCBuildConfiguration;
			buildSettings = {
				ALWAYS_SEARCH_USER_PATHS = NO;
				ASSETCATALOG_COMPILER_GENERATE_SWIFT_ASSET_SYMBOL_EXTENSIONS = YES;
				CLANG_ANALYZER_NONNULL = YES;
				CLANG_ANALYZER_NUMBER_OBJECT_CONVERSION = YES_AGGRESSIVE;
				CLANG_CXX_LANGUAGE_STANDARD = "gnu++20";
				CLANG_ENABLE_MODULES = YES;
				CLANG_ENABLE_OBJC_ARC = YES;
				CLANG_ENABLE_OBJC_WEAK = YES;
				CLANG_WARN_BLOCK_CAPTURE_AUTORELEASING = YES;
				CLANG_WARN_BOOL_CONVERSION = YES;
				CLANG_WARN_COMMA = YES;
				CLANG_WARN_CONSTANT_CONVERSION = YES;
				CLANG_WARN_DEPRECATED_OBJC_IMPLEMENTATIONS = YES;
				CLANG_WARN_DIRECT_OBJC_ISA_USAGE = YES_ERROR;
				CLANG_WARN_DOCUMENTATION_COMMENTS = YES;
				CLANG_WARN_EMPTY_BODY = YES;
				CLANG_WARN_ENUM_CONVERSION = YES;
				CLANG_WARN_INFINITE_RECURSION = YES;
				CLANG_WARN_INT_CONVERSION = YES;
				CLANG_WARN_NON_LITERAL_NULL_CONVERSION = YES;
				CLANG_WARN_OBJC_IMPLICIT_RETAIN_SELF = YES;
				CLANG_WARN_OBJC_LITERAL_CONVERSION = YES;
				CLANG_WARN_OBJC_ROOT_CLASS = YES_ERROR;
				CLANG_WARN_QUOTED_INCLUDE_IN_FRAMEWORK_HEADER = YES;
				CLANG_WARN_RANGE_LOOP_ANALYSIS = YES;
				CLANG_WARN_STRICT_PROTOTYPES = YES;
				CLANG_WARN_SUSPICIOUS_MOVE = YES;
				CLANG_WARN_UNGUARDED_AVAILABILITY = YES_AGGRESSIVE;
				CLANG_WARN_UNREACHABLE_CODE = YES;
				CLANG_WARN__DUPLICATE_METHOD_MATCH = YES;
				COPY_PHASE_STRIP = NO;
				DEBUG_INFORMATION_FORMAT = "dwarf-with-dsym";
				ENABLE_NS_ASSERTIONS = NO;
				ENABLE_STRICT_OBJC_MSGSEND = YES;
				ENABLE_USER_SCRIPT_SANDBOXING = YES;
				GCC_C_LANGUAGE_STANDARD = gnu17;
				GCC_NO_COMMON_BLOCKS = YES;
				GCC_WARN_64_TO_32_BIT_CONVERSION = YES;
				GCC_WARN_ABOUT_RETURN_TYPE = YES_ERROR;
				GCC_WARN_UNDECLARED_SELECTOR = YES;
				GCC_WARN_UNINITIALIZED_AUTOS = YES_AGGRESSIVE;
				GCC_WARN_UNUSED_FUNCTION = YES;
				GCC_WARN_UNUSED_VARIABLE = YES;
				IPHONEOS_DEPLOYMENT_TARGET = 18.1;
				LOCALIZATION_PREFERS_STRING_CATALOGS = YES;
				MTL_ENABLE_DEBUG_INFO = NO;
				MTL_FAST_MATH = YES;
				SDKROOT = iphoneos;
				SWIFT_COMPILATION_MODE = wholemodule;
				VALIDATE_PRODUCT = YES;
			};
			name = Release;
		};
/* End XCBuildConfiguration section */

/* Begin XCConfigurationList section */
		94F12C782CD4F52800617F06 /* Build configuration list for PBXProject "CosmoPictures" */ = {
			isa = XCConfigurationList;
			buildConfigurations = (
				94F12C932CD4F52B00617F06 /* Debug */,
				94F12C942CD4F52B00617F06 /* Release */,
			);
			defaultConfigurationIsVisible = 0;
			defaultConfigurationName = Release;
		};
		94F12C902CD4F52B00617F06 /* Build configuration list for PBXNativeTarget "CosmoPictures" */ = {
			isa = XCConfigurationList;
			buildConfigurations = (
				94F12C912CD4F52B00617F06 /* Debug */,
				94F12C922CD4F52B00617F06 /* Release */,
			);
			defaultConfigurationIsVisible = 0;
			defaultConfigurationName = Release;
		};
/* End XCConfigurationList section */
	};
	rootObject = 94F12C752CD4F52800617F06 /* Project object */;
}
